
Microsoft Visual Studio Solution File, Format Version 12.00
# Visual Studio Version 17
VisualStudioVersion = 17.0.31903.59
MinimumVisualStudioVersion = 10.0.40219.1
Project("{2150E333-8FDC-42A3-9474-1A3956D46DE8}") = "Arrays", "Arrays", "{F85B7FF0-47A2-A007-D6BD-4112BB0D5DF0}"
EndProject
Project("{FAE04EC0-301F-11D3-BF4B-00C04F79EFBC}") = "Exercise01", "Arrays\Exercise01\Exercise01.csproj", "{81DC9C8B-89E1-4167-8D23-0A9FDF6C0F41}"
EndProject
Project("{FAE04EC0-301F-11D3-BF4B-00C04F79EFBC}") = "Exercise02", "Arrays\Exercise02\Exercise02.csproj", "{C063A080-400B-4501-AEB1-B83F39A79159}"
EndProject
Project("{2150E333-8FDC-42A3-9474-1A3956D46DE8}") = "Exceptions", "Exceptions", "{A1DAD8C1-E8D2-A774-2ECE-A7CBF5166439}"
EndProject
Project("{FAE04EC0-301F-11D3-BF4B-00C04F79EFBC}") = "Exercise01", "Exceptions\Exercise01\Exercise01.csproj", "{15AB984F-284B-4AED-8E71-7A1317BF328F}"
EndProject
Project("{FAE04EC0-301F-11D3-BF4B-00C04F79EFBC}") = "Exercise 02", "Exercise 02\Exercise 02.csproj", "{36AFC0BC-D773-4014-B0A8-66834D293D1F}"
EndProject
Project("{2150E333-8FDC-42A3-9474-1A3956D46DE8}") = "Exercise02", "Exercise02", "{3A0511FE-1C65-DE33-F233-0174A0EE06DF}"
EndProject
Project("{FAE04EC0-301F-11D3-BF4B-00C04F79EFBC}") = "Exercise 02", "Exceptions\Exercise02\Exercise 02\Exercise 02.csproj", "{34608E03-5843-4C90-852F-D8A85BC1903E}"
EndProject
Global
	GlobalSection(SolutionConfigurationPlatforms) = preSolution
		Debug|Any CPU = Debug|Any CPU
		Debug|x64 = Debug|x64
		Debug|x86 = Debug|x86
		Release|Any CPU = Release|Any CPU
		Release|x64 = Release|x64
		Release|x86 = Release|x86
	EndGlobalSection
	GlobalSection(ProjectConfigurationPlatforms) = postSolution
		{81DC9C8B-89E1-4167-8D23-0A9FDF6C0F41}.Debug|Any CPU.ActiveCfg = Debug|Any CPU
		{81DC9C8B-89E1-4167-8D23-0A9FDF6C0F41}.Debug|Any CPU.Build.0 = Debug|Any CPU
		{81DC9C8B-89E1-4167-8D23-0A9FDF6C0F41}.Debug|x64.ActiveCfg = Debug|Any CPU
		{81DC9C8B-89E1-4167-8D23-0A9FDF6C0F41}.Debug|x64.Build.0 = Debug|Any CPU
		{81DC9C8B-89E1-4167-8D23-0A9FDF6C0F41}.Debug|x86.ActiveCfg = Debug|Any CPU
		{81DC9C8B-89E1-4167-8D23-0A9FDF6C0F41}.Debug|x86.Build.0 = Debug|Any CPU
		{81DC9C8B-89E1-4167-8D23-0A9FDF6C0F41}.Release|Any CPU.ActiveCfg = Release|Any CPU
		{81DC9C8B-89E1-4167-8D23-0A9FDF6C0F41}.Release|Any CPU.Build.0 = Release|Any CPU
		{81DC9C8B-89E1-4167-8D23-0A9FDF6C0F41}.Release|x64.ActiveCfg = Release|Any CPU
		{81DC9C8B-89E1-4167-8D23-0A9FDF6C0F41}.Release|x64.Build.0 = Release|Any CPU
		{81DC9C8B-89E1-4167-8D23-0A9FDF6C0F41}.Release|x86.ActiveCfg = Release|Any CPU
		{81DC9C8B-89E1-4167-8D23-0A9FDF6C0F41}.Release|x86.Build.0 = Release|Any CPU
		{C063A080-400B-4501-AEB1-B83F39A79159}.Debug|Any CPU.ActiveCfg = Debug|Any CPU
		{C063A080-400B-4501-AEB1-B83F39A79159}.Debug|Any CPU.Build.0 = Debug|Any CPU
		{C063A080-400B-4501-AEB1-B83F39A79159}.Debug|x64.ActiveCfg = Debug|Any CPU
		{C063A080-400B-4501-AEB1-B83F39A79159}.Debug|x64.Build.0 = Debug|Any CPU
		{C063A080-400B-4501-AEB1-B83F39A79159}.Debug|x86.ActiveCfg = Debug|Any CPU
		{C063A080-400B-4501-AEB1-B83F39A79159}.Debug|x86.Build.0 = Debug|Any CPU
		{C063A080-400B-4501-AEB1-B83F39A79159}.Release|Any CPU.ActiveCfg = Release|Any CPU
		{C063A080-400B-4501-AEB1-B83F39A79159}.Release|Any CPU.Build.0 = Release|Any CPU
		{C063A080-400B-4501-AEB1-B83F39A79159}.Release|x64.ActiveCfg = Release|Any CPU
		{C063A080-400B-4501-AEB1-B83F39A79159}.Release|x64.Build.0 = Release|Any CPU
		{C063A080-400B-4501-AEB1-B83F39A79159}.Release|x86.ActiveCfg = Release|Any CPU
		{C063A080-400B-4501-AEB1-B83F39A79159}.Release|x86.Build.0 = Release|Any CPU
		{15AB984F-284B-4AED-8E71-7A1317BF328F}.Debug|Any CPU.ActiveCfg = Debug|Any CPU
		{15AB984F-284B-4AED-8E71-7A1317BF328F}.Debug|Any CPU.Build.0 = Debug|Any CPU
		{15AB984F-284B-4AED-8E71-7A1317BF328F}.Debug|x64.ActiveCfg = Debug|Any CPU
		{15AB984F-284B-4AED-8E71-7A1317BF328F}.Debug|x64.Build.0 = Debug|Any CPU
		{15AB984F-284B-4AED-8E71-7A1317BF328F}.Debug|x86.ActiveCfg = Debug|Any CPU
		{15AB984F-284B-4AED-8E71-7A1317BF328F}.Debug|x86.Build.0 = Debug|Any CPU
		{15AB984F-284B-4AED-8E71-7A1317BF328F}.Release|Any CPU.ActiveCfg = Release|Any CPU
		{15AB984F-284B-4AED-8E71-7A1317BF328F}.Release|Any CPU.Build.0 = Release|Any CPU
		{15AB984F-284B-4AED-8E71-7A1317BF328F}.Release|x64.ActiveCfg = Release|Any CPU
		{15AB984F-284B-4AED-8E71-7A1317BF328F}.Release|x64.Build.0 = Release|Any CPU
		{15AB984F-284B-4AED-8E71-7A1317BF328F}.Release|x86.ActiveCfg = Release|Any CPU
		{15AB984F-284B-4AED-8E71-7A1317BF328F}.Release|x86.Build.0 = Release|Any CPU
		{36AFC0BC-D773-4014-B0A8-66834D293D1F}.Debug|Any CPU.ActiveCfg = Debug|Any CPU
		{36AFC0BC-D773-4014-B0A8-66834D293D1F}.Debug|Any CPU.Build.0 = Debug|Any CPU
		{36AFC0BC-D773-4014-B0A8-66834D293D1F}.Debug|x64.ActiveCfg = Debug|Any CPU
		{36AFC0BC-D773-4014-B0A8-66834D293D1F}.Debug|x64.Build.0 = Debug|Any CPU
		{36AFC0BC-D773-4014-B0A8-66834D293D1F}.Debug|x86.ActiveCfg = Debug|Any CPU
		{36AFC0BC-D773-4014-B0A8-66834D293D1F}.Debug|x86.Build.0 = Debug|Any CPU
		{36AFC0BC-D773-4014-B0A8-66834D293D1F}.Release|Any CPU.ActiveCfg = Release|Any CPU
		{36AFC0BC-D773-4014-B0A8-66834D293D1F}.Release|Any CPU.Build.0 = Release|Any CPU
		{36AFC0BC-D773-4014-B0A8-66834D293D1F}.Release|x64.ActiveCfg = Release|Any CPU
		{36AFC0BC-D773-4014-B0A8-66834D293D1F}.Release|x64.Build.0 = Release|Any CPU
		{36AFC0BC-D773-4014-B0A8-66834D293D1F}.Release|x86.ActiveCfg = Release|Any CPU
		{36AFC0BC-D773-4014-B0A8-66834D293D1F}.Release|x86.Build.0 = Release|Any CPU
		{34608E03-5843-4C90-852F-D8A85BC1903E}.Debug|Any CPU.ActiveCfg = Debug|Any CPU
		{34608E03-5843-4C90-852F-D8A85BC1903E}.Debug|Any CPU.Build.0 = Debug|Any CPU
		{34608E03-5843-4C90-852F-D8A85BC1903E}.Debug|x64.ActiveCfg = Debug|Any CPU
		{34608E03-5843-4C90-852F-D8A85BC1903E}.Debug|x64.Build.0 = Debug|Any CPU
		{34608E03-5843-4C90-852F-D8A85BC1903E}.Debug|x86.ActiveCfg = Debug|Any CPU
		{34608E03-5843-4C90-852F-D8A85BC1903E}.Debug|x86.Build.0 = Debug|Any CPU
		{34608E03-5843-4C90-852F-D8A85BC1903E}.Release|Any CPU.ActiveCfg = Release|Any CPU
		{34608E03-5843-4C90-852F-D8A85BC1903E}.Release|Any CPU.Build.0 = Release|Any CPU
		{34608E03-5843-4C90-852F-D8A85BC1903E}.Release|x64.ActiveCfg = Release|Any CPU
		{34608E03-5843-4C90-852F-D8A85BC1903E}.Release|x64.Build.0 = Release|Any CPU
		{34608E03-5843-4C90-852F-D8A85BC1903E}.Release|x86.ActiveCfg = Release|Any CPU
		{34608E03-5843-4C90-852F-D8A85BC1903E}.Release|x86.Build.0 = Release|Any CPU
	EndGlobalSection
	GlobalSection(SolutionProperties) = preSolution
		HideSolutionNode = FALSE
	EndGlobalSection
	GlobalSection(NestedProjects) = preSolution
		{81DC9C8B-89E1-4167-8D23-0A9FDF6C0F41} = {F85B7FF0-47A2-A007-D6BD-4112BB0D5DF0}
		{C063A080-400B-4501-AEB1-B83F39A79159} = {F85B7FF0-47A2-A007-D6BD-4112BB0D5DF0}
		{15AB984F-284B-4AED-8E71-7A1317BF328F} = {A1DAD8C1-E8D2-A774-2ECE-A7CBF5166439}
		{3A0511FE-1C65-DE33-F233-0174A0EE06DF} = {A1DAD8C1-E8D2-A774-2ECE-A7CBF5166439}
		{34608E03-5843-4C90-852F-D8A85BC1903E} = {3A0511FE-1C65-DE33-F233-0174A0EE06DF}
	EndGlobalSection
EndGlobal
